GEM
  remote: https://rubygems.org/
  specs:
    citrus (3.0.2)
    racc (1.8.1)
    toml-rb (4.2.0)
      citrus (~> 3.0, > 3.0)
      racc (~> 1.7)

PLATFORMS
  ruby
  x86_64-linux

DEPENDENCIES
  toml-rb

CHECKSUMS
  citrus (3.0.2) sha256=4ec2412fc389ad186735f4baee1460f7900a8e130ffe3f216b30d4f9c684f650
  racc (1.8.1) sha256=4a7f6929691dbec8b5209a0b373bc2614882b55fc5d2e447a21aaa691303d62f
  toml-rb (4.2.0) sha256=10a48c91613e20cf63483a7a776767dfb3cd7d70e9327c0237443da601e13776

BUNDLED WITH
  4.0.10
